
Microsoft Visual Studio Solution File, Format Version 12.00
# Visual Studio Version 16
VisualStudioVersion = 16.0.31424.327
MinimumVisualStudioVersion = 10.0.40219.1
Project("{FAE04EC0-301F-11D3-BF4B-00C04F79EFBC}") = "HomeWork5.5", "HomeWork5.5.csproj", "{23772799-8A55-401E-89ED-D5EE50EC849B}"
EndProject
Global
	GlobalSection(SolutionConfigurationPlatforms) = preSolution
		Debug|Any CPU = Debug|Any CPU
		Release|Any CPU = Release|Any CPU
	EndGlobalSection
	GlobalSection(ProjectConfigurationPlatforms) = postSolution
		{23772799-8A55-401E-89ED-D5EE50EC849B}.Debug|Any CPU.ActiveCfg = Debug|Any CPU
		{23772799-8A55-401E-89ED-D5EE50EC849B}.Debug|Any CPU.Build.0 = Debug|Any CPU
		{23772799-8A55-401E-89ED-D5EE50EC849B}.Release|Any CPU.ActiveCfg = Release|Any CPU
		{23772799-8A55-401E-89ED-D5EE50EC849B}.Release|Any CPU.Build.0 = Release|Any CPU
	EndGlobalSection
	GlobalSection(SolutionProperties) = preSolution
		HideSolutionNode = FALSE
	EndGlobalSection
	GlobalSection(ExtensibilityGlobals) = postSolution
		SolutionGuid = {2184D563-9BB1-4EFC-A834-95605986450E}
	EndGlobalSection
EndGlobal
